
Microsoft Visual Studio Solution File, Format Version 12.00
# Visual Studio Version 16
VisualStudioVersion = 16.0.30523.141
MinimumVisualStudioVersion = 10.0.40219.1
Project("{FAE04EC0-301F-11D3-BF4B-00C04F79EFBC}") = "Repartidor", "Repartidor\Repartidor.csproj", "{B14027C4-4FA6-48B9-9BAE-3777DCC72586}"
EndProject
Global
	GlobalSection(SolutionConfigurationPlatforms) = preSolution
		Debug|Any CPU = Debug|Any CPU
		Release|Any CPU = Release|Any CPU
	EndGlobalSection
	GlobalSection(ProjectConfigurationPlatforms) = postSolution
		{B14027C4-4FA6-48B9-9BAE-3777DCC72586}.Debug|Any CPU.ActiveCfg = Debug|Any CPU
		{B14027C4-4FA6-48B9-9BAE-3777DCC72586}.Debug|Any CPU.Build.0 = Debug|Any CPU
		{B14027C4-4FA6-48B9-9BAE-3777DCC72586}.Release|Any CPU.ActiveCfg = Release|Any CPU
		{B14027C4-4FA6-48B9-9BAE-3777DCC72586}.Release|Any CPU.Build.0 = Release|Any CPU
	EndGlobalSection
	GlobalSection(SolutionProperties) = preSolution
		HideSolutionNode = FALSE
	EndGlobalSection
	GlobalSection(ExtensibilityGlobals) = postSolution
		SolutionGuid = {6FAEB1E8-2D2C-4821-AA1F-87DB73855B2D}
	EndGlobalSection
EndGlobal
